
Microsoft Visual Studio Solution File, Format Version 12.00
# Visual Studio Version 17
VisualStudioVersion = 17.0.31912.275
MinimumVisualStudioVersion = 10.0.40219.1
Project("{8BC9CEB8-8B4A-11D0-8D11-00A0C91BC942}") = "Projekt 1", "Projekt 1\Projekt 1.vcxproj", "{173DDB58-3B92-42BC-BF2B-99B8AA317A21}"
EndProject
Global
	GlobalSection(SolutionConfigurationPlatforms) = preSolution
		Debug|x64 = Debug|x64
		Debug|x86 = Debug|x86
		Release|x64 = Release|x64
		Release|x86 = Release|x86
	EndGlobalSection
	GlobalSection(ProjectConfigurationPlatforms) = postSolution
		{173DDB58-3B92-42BC-BF2B-99B8AA317A21}.Debug|x64.ActiveCfg = Debug|x64
		{173DDB58-3B92-42BC-BF2B-99B8AA317A21}.Debug|x64.Build.0 = Debug|x64
		{173DDB58-3B92-42BC-BF2B-99B8AA317A21}.Debug|x86.ActiveCfg = Debug|Win32
		{173DDB58-3B92-42BC-BF2B-99B8AA317A21}.Debug|x86.Build.0 = Debug|Win32
		{173DDB58-3B92-42BC-BF2B-99B8AA317A21}.Release|x64.ActiveCfg = Release|x64
		{173DDB58-3B92-42BC-BF2B-99B8AA317A21}.Release|x64.Build.0 = Release|x64
		{173DDB58-3B92-42BC-BF2B-99B8AA317A21}.Release|x86.ActiveCfg = Release|Win32
		{173DDB58-3B92-42BC-BF2B-99B8AA317A21}.Release|x86.Build.0 = Release|Win32
	EndGlobalSection
	GlobalSection(SolutionProperties) = preSolution
		HideSolutionNode = FALSE
	EndGlobalSection
	GlobalSection(ExtensibilityGlobals) = postSolution
		SolutionGuid = {14BE87A2-5392-47E1-B134-CB2579664671}
	EndGlobalSection
EndGlobal
